
Microsoft Visual Studio Solution File, Format Version 12.00
# Visual Studio Version 16
VisualStudioVersion = 16.0.29519.87
MinimumVisualStudioVersion = 10.0.40219.1
Project("{FAE04EC0-301F-11D3-BF4B-00C04F79EFBC}") = "NumbersToTextFormat", "NumbersToTextFormat\NumbersToTextFormat.csproj", "{D71A61F7-AA04-4B59-92A1-B0D9B87AC476}"
EndProject
Global
	GlobalSection(SolutionConfigurationPlatforms) = preSolution
		Debug|Any CPU = Debug|Any CPU
		Release|Any CPU = Release|Any CPU
	EndGlobalSection
	GlobalSection(ProjectConfigurationPlatforms) = postSolution
		{D71A61F7-AA04-4B59-92A1-B0D9B87AC476}.Debug|Any CPU.ActiveCfg = Debug|Any CPU
		{D71A61F7-AA04-4B59-92A1-B0D9B87AC476}.Debug|Any CPU.Build.0 = Debug|Any CPU
		{D71A61F7-AA04-4B59-92A1-B0D9B87AC476}.Release|Any CPU.ActiveCfg = Release|Any CPU
		{D71A61F7-AA04-4B59-92A1-B0D9B87AC476}.Release|Any CPU.Build.0 = Release|Any CPU
	EndGlobalSection
	GlobalSection(SolutionProperties) = preSolution
		HideSolutionNode = FALSE
	EndGlobalSection
	GlobalSection(ExtensibilityGlobals) = postSolution
		SolutionGuid = {2A75F7BC-D267-48B6-931C-E5AC0A6F6A27}
	EndGlobalSection
EndGlobal
